// !$*UTF8*$!
{
	archiveVersion = 1;
	classes = {
	};
	objectVersion = 50;
	objects = {

/* Begin PBXBuildFile section */
		6F02D130262048C1007629D5 /* main.cpp in Sources */ = {isa = PBXBuildFile; fileRef = 6F02D12D262048C1007629D5 /* main.cpp */; };
/* End PBXBuildFile section */

/* Begin PBXCopyFilesBuildPhase section */
		6FF4A05125D6652800E30B61 /* CopyFiles */ = {
			isa = PBXCopyFilesBuildPhase;
			buildActionMask = 2147483647;
			dstPath = /usr/share/man/man1/;
			dstSubfolderSpec = 0;
			files = (
			);
			runOnlyForDeploymentPostprocessing = 1;
		};
/* End PBXCopyFilesBuildPhase section */

/* Begin PBXFileReference section */
		6F02D12D262048C1007629D5 /* main.cpp */ = {isa = PBXFileReference; fileEncoding = 4; lastKnownFileType = sourcecode.cpp.cpp; path = main.cpp; sourceTree = "<group>"; };
		6F02D12E262048C1007629D5 /* automate */ = {isa = PBXFileReference; fileEncoding = 4; lastKnownFileType = text.script.sh; path = automate; sourceTree = "<group>"; };
		6F02D12F262048C1007629D5 /* compile */ = {isa = PBXFileReference; fileEncoding = 4; lastKnownFileType = text.script.sh; path = compile; sourceTree = "<group>"; };
		6F02D13326204B56007629D5 /* delta_ms_8 */ = {isa = PBXFileReference; fileEncoding = 4; lastKnownFileType = text; path = delta_ms_8; sourceTree = "<group>"; };
		6F02D13526204B56007629D5 /* delta_ms_2 */ = {isa = PBXFileReference; fileEncoding = 4; lastKnownFileType = text; path = delta_ms_2; sourceTree = "<group>"; };
		6F02D13626204B56007629D5 /* delta_ms */ = {isa = PBXFileReference; fileEncoding = 4; lastKnownFileType = text; path = delta_ms; sourceTree = "<group>"; };
		6F02D13726204B56007629D5 /* delta_ms_800 */ = {isa = PBXFileReference; fileEncoding = 4; lastKnownFileType = text; path = delta_ms_800; sourceTree = "<group>"; };
		6F02D13826204B56007629D5 /* delta_ms_80 */ = {isa = PBXFileReference; fileEncoding = 4; lastKnownFileType = text; path = delta_ms_80; sourceTree = "<group>"; };
		6F02D13926204B56007629D5 /* delta_ms_4 */ = {isa = PBXFileReference; fileEncoding = 4; lastKnownFileType = text; path = delta_ms_4; sourceTree = "<group>"; };
		6F02D13A26204B57007629D5 /* delta_ms_1 */ = {isa = PBXFileReference; fileEncoding = 4; lastKnownFileType = text; path = delta_ms_1; sourceTree = "<group>"; };
		6F02D13B26204B57007629D5 /* delta_ms_8000 */ = {isa = PBXFileReference; fileEncoding = 4; lastKnownFileType = text; path = delta_ms_8000; sourceTree = "<group>"; };
		6FF4A05325D6652800E30B61 /* Parallel programming */ = {isa = PBXFileReference; explicitFileType = "compiled.mach-o.executable"; includeInIndex = 0; path = "Parallel programming"; sourceTree = BUILT_PRODUCTS_DIR; };
/* End PBXFileReference section */

/* Begin PBXFrameworksBuildPhase section */
		6FF4A05025D6652800E30B61 /* Frameworks */ = {
			isa = PBXFrameworksBuildPhase;
			buildActionMask = 2147483647;
			files = (
			);
			runOnlyForDeploymentPostprocessing = 0;
		};
/* End PBXFrameworksBuildPhase section */

/* Begin PBXGroup section */
		6F02D14026204C44007629D5 /* measurements */ = {
			isa = PBXGroup;
			children = (
				6F02D13626204B56007629D5 /* delta_ms */,
				6F02D13A26204B57007629D5 /* delta_ms_1 */,
				6F02D13526204B56007629D5 /* delta_ms_2 */,
				6F02D13926204B56007629D5 /* delta_ms_4 */,
				6F02D13326204B56007629D5 /* delta_ms_8 */,
				6F02D13826204B56007629D5 /* delta_ms_80 */,
				6F02D13726204B56007629D5 /* delta_ms_800 */,
				6F02D13B26204B57007629D5 /* delta_ms_8000 */,
			);
			path = measurements;
			sourceTree = "<group>";
		};
		6FF4A04A25D6652800E30B61 = {
			isa = PBXGroup;
			children = (
				6FF4A05525D6652800E30B61 /* Parallel programming */,
				6FF4A05425D6652800E30B61 /* Products */,
			);
			sourceTree = "<group>";
		};
		6FF4A05425D6652800E30B61 /* Products */ = {
			isa = PBXGroup;
			children = (
				6FF4A05325D6652800E30B61 /* Parallel programming */,
			);
			name = Products;
			sourceTree = "<group>";
		};
		6FF4A05525D6652800E30B61 /* Parallel programming */ = {
			isa = PBXGroup;
			children = (
				6F02D12D262048C1007629D5 /* main.cpp */,
				6F02D14026204C44007629D5 /* measurements */,
				6F02D12E262048C1007629D5 /* automate */,
				6F02D12F262048C1007629D5 /* compile */,
			);
			path = "Parallel programming";
			sourceTree = "<group>";
		};
/* End PBXGroup section */

/* Begin PBXNativeTarget section */
		6FF4A05225D6652800E30B61 /* Parallel programming */ = {
			isa = PBXNativeTarget;
			buildConfigurationList = 6FF4A05A25D6652800E30B61 /* Build configuration list for PBXNativeTarget "Parallel programming" */;
			buildPhases = (
				6FF4A04F25D6652800E30B61 /* Sources */,
				6FF4A05025D6652800E30B61 /* Frameworks */,
				6FF4A05125D6652800E30B61 /* CopyFiles */,
			);
			buildRules = (
			);
			dependencies = (
			);
			name = "Parallel programming";
			productName = "Parallel programming";
			productReference = 6FF4A05325D6652800E30B61 /* Parallel programming */;
			productType = "com.apple.product-type.tool";
		};
/* End PBXNativeTarget section */

/* Begin PBXProject section */
		6FF4A04B25D6652800E30B61 /* Project object */ = {
			isa = PBXProject;
			attributes = {
				LastUpgradeCheck = 1230;
				TargetAttributes = {
					6FF4A05225D6652800E30B61 = {
						CreatedOnToolsVersion = 12.3;
					};
				};
			};
			buildConfigurationList = 6FF4A04E25D6652800E30B61 /* Build configuration list for PBXProject "Parallel programming" */;
			compatibilityVersion = "Xcode 9.3";
			developmentRegion = en;
			hasScannedForEncodings = 0;
			knownRegions = (
				en,
				Base,
			);
			mainGroup = 6FF4A04A25D6652800E30B61;
			productRefGroup = 6FF4A05425D6652800E30B61 /* Products */;
			projectDirPath = "";
			projectRoot = "";
			targets = (
				6FF4A05225D6652800E30B61 /* Parallel programming */,
			);
		};
/* End PBXProject section */

/* Begin PBXSourcesBuildPhase section */
		6FF4A04F25D6652800E30B61 /* Sources */ = {
			isa = PBXSourcesBuildPhase;
			buildActionMask = 2147483647;
			files = (
				6F02D130262048C1007629D5 /* main.cpp in Sources */,
			);
			runOnlyForDeploymentPostprocessing = 0;
		};
/* End PBXSourcesBuildPhase section */

/* Begin XCBuildConfiguration section */
		6FF4A05825D6652800E30B61 /* Debug */ = {
			isa = XCBuildConfiguration;
			buildSettings = {
				ALWAYS_SEARCH_USER_PATHS = NO;
				CLANG_ANALYZER_NONNULL = YES;
				CLANG_ANALYZER_NUMBER_OBJECT_CONVERSION = YES_AGGRESSIVE;
				CLANG_CXX_LANGUAGE_STANDARD = "gnu++17";
				CLANG_CXX_LIBRARY = "libc++";
				CLANG_ENABLE_MODULES = YES;
				CLANG_ENABLE_OBJC_ARC = YES;
				CLANG_ENABLE_OBJC_WEAK = YES;
				CLANG_WARN_BLOCK_CAPTURE_AUTORELEASING = YES;
				CLANG_WARN_BOOL_CONVERSION = YES;
				CLANG_WARN_COMMA = YES;
				CLANG_WARN_CONSTANT_CONVERSION = YES;
				CLANG_WARN_DEPRECATED_OBJC_IMPLEMENTATIONS = YES;
				CLANG_WARN_DIRECT_OBJC_ISA_USAGE = YES_ERROR;
				CLANG_WARN_DOCUMENTATION_COMMENTS = YES;
				CLANG_WARN_EMPTY_BODY = YES;
				CLANG_WARN_ENUM_CONVERSION = YES;
				CLANG_WARN_INFINITE_RECURSION = YES;
				CLANG_WARN_INT_CONVERSION = YES;
				CLANG_WARN_NON_LITERAL_NULL_CONVERSION = YES;
				CLANG_WARN_OBJC_IMPLICIT_RETAIN_SELF = YES;
				CLANG_WARN_OBJC_LITERAL_CONVERSION = YES;
				CLANG_WARN_OBJC_ROOT_CLASS = YES_ERROR;
				CLANG_WARN_QUOTED_INCLUDE_IN_FRAMEWORK_HEADER = YES;
				CLANG_WARN_RANGE_LOOP_ANALYSIS = YES;
				CLANG_WARN_STRICT_PROTOTYPES = YES;
				CLANG_WARN_SUSPICIOUS_MOVE = YES;
				CLANG_WARN_UNGUARDED_AVAILABILITY = YES_AGGRESSIVE;
				CLANG_WARN_UNREACHABLE_CODE = YES;
				CLANG_WARN__DUPLICATE_METHOD_MATCH = YES;
				COPY_PHASE_STRIP = NO;
				DEBUG_INFORMATION_FORMAT = dwarf;
				ENABLE_STRICT_OBJC_MSGSEND = YES;
				ENABLE_TESTABILITY = YES;
				GCC_C_LANGUAGE_STANDARD = c11;
				GCC_DYNAMIC_NO_PIC = NO;
				GCC_NO_COMMON_BLOCKS = YES;
				GCC_OPTIMIZATION_LEVEL = 0;
				GCC_PREPROCESSOR_DEFINITIONS = (
					"DEBUG=1",
					"$(inherited)",
				);
				GCC_WARN_64_TO_32_BIT_CONVERSION = YES;
				GCC_WARN_ABOUT_RETURN_TYPE = YES_ERROR;
				GCC_WARN_UNDECLARED_SELECTOR = YES;
				GCC_WARN_UNINITIALIZED_AUTOS = YES_AGGRESSIVE;
				GCC_WARN_UNUSED_FUNCTION = YES;
				GCC_WARN_UNUSED_VARIABLE = YES;
				MACOSX_DEPLOYMENT_TARGET = 11.1;
				MTL_ENABLE_DEBUG_INFO = INCLUDE_SOURCE;
				MTL_FAST_MATH = YES;
				ONLY_ACTIVE_ARCH = YES;
				SDKROOT = macosx;
			};
			name = Debug;
		};
		6FF4A05925D6652800E30B61 /* Release */ = {
			isa = XCBuildConfiguration;
			buildSettings = {
				ALWAYS_SEARCH_USER_PATHS = NO;
				CLANG_ANALYZER_NONNULL = YES;
				CLANG_ANALYZER_NUMBER_OBJECT_CONVERSION = YES_AGGRESSIVE;
				CLANG_CXX_LANGUAGE_STANDARD = "gnu++17";
				CLANG_CXX_LIBRARY = "libc++";
				CLANG_ENABLE_MODULES = YES;
				CLANG_ENABLE_OBJC_ARC = YES;
				CLANG_ENABLE_OBJC_WEAK = YES;
				CLANG_WARN_BLOCK_CAPTURE_AUTORELEASING = YES;
				CLANG_WARN_BOOL_CONVERSION = YES;
				CLANG_WARN_COMMA = YES;
				CLANG_WARN_CONSTANT_CONVERSION = YES;
				CLANG_WARN_DEPRECATED_OBJC_IMPLEMENTATIONS = YES;
				CLANG_WARN_DIRECT_OBJC_ISA_USAGE = YES_ERROR;
				CLANG_WARN_DOCUMENTATION_COMMENTS = YES;
				CLANG_WARN_EMPTY_BODY = YES;
				CLANG_WARN_ENUM_CONVERSION = YES;
				CLANG_WARN_INFINITE_RECURSION = YES;
				CLANG_WARN_INT_CONVERSION = YES;
				CLANG_WARN_NON_LITERAL_NULL_CONVERSION = YES;
				CLANG_WARN_OBJC_IMPLICIT_RETAIN_SELF = YES;
				CLANG_WARN_OBJC_LITERAL_CONVERSION = YES;
				CLANG_WARN_OBJC_ROOT_CLASS = YES_ERROR;
				CLANG_WARN_QUOTED_INCLUDE_IN_FRAMEWORK_HEADER = YES;
				CLANG_WARN_RANGE_LOOP_ANALYSIS = YES;
				CLANG_WARN_STRICT_PROTOTYPES = YES;
				CLANG_WARN_SUSPICIOUS_MOVE = YES;
				CLANG_WARN_UNGUARDED_AVAILABILITY = YES_AGGRESSIVE;
				CLANG_WARN_UNREACHABLE_CODE = YES;
				CLANG_WARN__DUPLICATE_METHOD_MATCH = YES;
				COPY_PHASE_STRIP = NO;
				DEBUG_INFORMATION_FORMAT = "dwarf-with-dsym";
				ENABLE_NS_ASSERTIONS = NO;
				ENABLE_STRICT_OBJC_MSGSEND = YES;
				GCC_C_LANGUAGE_STANDARD = c11;
				GCC_NO_COMMON_BLOCKS = YES;
				GCC_WARN_64_TO_32_BIT_CONVERSION = YES;
				GCC_WARN_ABOUT_RETURN_TYPE = YES_ERROR;
				GCC_WARN_UNDECLARED_SELECTOR = YES;
				GCC_WARN_UNINITIALIZED_AUTOS = YES_AGGRESSIVE;
				GCC_WARN_UNUSED_FUNCTION = YES;
				GCC_WARN_UNUSED_VARIABLE = YES;
				MACOSX_DEPLOYMENT_TARGET = 11.1;
				MTL_ENABLE_DEBUG_INFO = NO;
				MTL_FAST_MATH = YES;
				SDKROOT = macosx;
			};
			name = Release;
		};
		6FF4A05B25D6652800E30B61 /* Debug */ = {
			isa = XCBuildConfiguration;
			buildSettings = {
				CODE_SIGN_STYLE = Automatic;
				DEVELOPMENT_TEAM = 94U9UR9TXD;
				ENABLE_HARDENED_RUNTIME = YES;
				PRODUCT_NAME = "$(TARGET_NAME)";
			};
			name = Debug;
		};
		6FF4A05C25D6652800E30B61 /* Release */ = {
			isa = XCBuildConfiguration;
			buildSettings = {
				CODE_SIGN_STYLE = Automatic;
				DEVELOPMENT_TEAM = 94U9UR9TXD;
				ENABLE_HARDENED_RUNTIME = YES;
				PRODUCT_NAME = "$(TARGET_NAME)";
			};
			name = Release;
		};
/* End XCBuildConfiguration section */

/* Begin XCConfigurationList section */
		6FF4A04E25D6652800E30B61 /* Build configuration list for PBXProject "Parallel programming" */ = {
			isa = XCConfigurationList;
			buildConfigurations = (
				6FF4A05825D6652800E30B61 /* Debug */,
				6FF4A05925D6652800E30B61 /* Release */,
			);
			defaultConfigurationIsVisible = 0;
			defaultConfigurationName = Release;
		};
		6FF4A05A25D6652800E30B61 /* Build configuration list for PBXNativeTarget "Parallel programming" */ = {
			isa = XCConfigurationList;
			buildConfigurations = (
				6FF4A05B25D6652800E30B61 /* Debug */,
				6FF4A05C25D6652800E30B61 /* Release */,
			);
			defaultConfigurationIsVisible = 0;
			defaultConfigurationName = Release;
		};
/* End XCConfigurationList section */
	};
	rootObject = 6FF4A04B25D6652800E30B61 /* Project object */;
}
